
Microsoft Visual Studio Solution File, Format Version 12.00
# Visual Studio Version 16
VisualStudioVersion = 16.0.29911.84
MinimumVisualStudioVersion = 10.0.40219.1
Project("{FAE04EC0-301F-11D3-BF4B-00C04F79EFBC}") = "Kolokwium", "Kolokwium\Kolokwium.csproj", "{9EA6765E-04A5-49F2-BB63-CB1A41AFE050}"
EndProject
Global
	GlobalSection(SolutionConfigurationPlatforms) = preSolution
		Debug|Any CPU = Debug|Any CPU
		Release|Any CPU = Release|Any CPU
	EndGlobalSection
	GlobalSection(ProjectConfigurationPlatforms) = postSolution
		{9EA6765E-04A5-49F2-BB63-CB1A41AFE050}.Debug|Any CPU.ActiveCfg = Debug|Any CPU
		{9EA6765E-04A5-49F2-BB63-CB1A41AFE050}.Debug|Any CPU.Build.0 = Debug|Any CPU
		{9EA6765E-04A5-49F2-BB63-CB1A41AFE050}.Release|Any CPU.ActiveCfg = Release|Any CPU
		{9EA6765E-04A5-49F2-BB63-CB1A41AFE050}.Release|Any CPU.Build.0 = Release|Any CPU
	EndGlobalSection
	GlobalSection(SolutionProperties) = preSolution
		HideSolutionNode = FALSE
	EndGlobalSection
	GlobalSection(ExtensibilityGlobals) = postSolution
		SolutionGuid = {3A9B2EC6-D7A0-4605-8973-765D4EAC32F3}
	EndGlobalSection
EndGlobal
